{
  "name": "he2",
  "lockfileVersion": 3,
  "requires": true,
  "packages": {
    "": {
      "dependencies": {
        "boring-avatars": "^2.0.1",
        "nodemailer": "^7.0.6",
        "resend": "^6.0.2"
      }
    },
    "node_modules/boring-avatars": {
      "version": "2.0.1",
      "resolved": "https://registry.npmjs.org/boring-avatars/-/boring-avatars-2.0.1.tgz",
      "integrity": "sha512-TeBnZrp7WxHcQPuLhGQamklgNqaL7eUAUh3E11kFj9rTn0Hari2ZKVTchqNrp62UOHN/XOe5bZGcbzVGwHjHwg==",
      "license": "MIT",
      "peerDependencies": {
        "react": ">=18.0.0",
        "react-dom": ">=18.0.0"
      }
    },
    "node_modules/nodemailer": {
      "version": "7.0.6",
      "resolved": "https://registry.npmjs.org/nodemailer/-/nodemailer-7.0.6.tgz",
      "integrity": "sha512-F44uVzgwo49xboqbFgBGkRaiMgtoBrBEWCVincJPK9+S9Adkzt/wXCLKbf7dxucmxfTI5gHGB+bEmdyzN6QKjw==",
      "license": "MIT-0",
      "engines": {
        "node": ">=6.0.0"
      }
    },
    "node_modules/resend": {
      "version": "6.0.2",
      "resolved": "https://registry.npmjs.org/resend/-/resend-6.0.2.tgz",
      "integrity": "sha512-um08qWpSVvEVqAePEy/bsa7pqtnJK+qTCZ0Et7YE7xuqM46J0C9gnSbIJKR3LIcRVMgO9jUeot8rH0UI84eqMQ==",
      "license": "MIT",
      "engines": {
        "node": ">=18"
      },
      "peerDependencies": {
        "@react-email/render": "^1.1.0"
      },
      "peerDependenciesMeta": {
        "@react-email/render": {
          "optional": true
        }
      }
    }
  }
}
